
Microsoft Visual Studio Solution File, Format Version 12.00
# Visual Studio Version 16
VisualStudioVersion = 16.0.29920.165
MinimumVisualStudioVersion = 10.0.40219.1
Project("{FAE04EC0-301F-11D3-BF4B-00C04F79EFBC}") = "IsoParser", "IsoParser\IsoParser.csproj", "{8B85C91E-8A47-45AE-924A-8EF4663DCA16}"
EndProject
Global
	GlobalSection(SolutionConfigurationPlatforms) = preSolution
		Debug|Any CPU = Debug|Any CPU
		Release|Any CPU = Release|Any CPU
	EndGlobalSection
	GlobalSection(ProjectConfigurationPlatforms) = postSolution
		{8B85C91E-8A47-45AE-924A-8EF4663DCA16}.Debug|Any CPU.ActiveCfg = Debug|Any CPU
		{8B85C91E-8A47-45AE-924A-8EF4663DCA16}.Debug|Any CPU.Build.0 = Debug|Any CPU
		{8B85C91E-8A47-45AE-924A-8EF4663DCA16}.Release|Any CPU.ActiveCfg = Release|Any CPU
		{8B85C91E-8A47-45AE-924A-8EF4663DCA16}.Release|Any CPU.Build.0 = Release|Any CPU
	EndGlobalSection
	GlobalSection(SolutionProperties) = preSolution
		HideSolutionNode = FALSE
	EndGlobalSection
	GlobalSection(ExtensibilityGlobals) = postSolution
		SolutionGuid = {E5257D20-074E-489F-9A93-0608EC528C93}
	EndGlobalSection
EndGlobal
